github.com/cristalhq/jwt/v3 v3.0.2 h1:y5aYVOJysyPRZvRGblEAYfphqERNPgTGWOA9DUUK1t8=
github.com/cristalhq/jwt/v3 v3.0.2/go.mod h1:XOnIXst8ozq/esy5N1XOlSyQqBd+84fxJ99FK+1jgL8=
github.com/google/uuid v1.1.1 h1:Gkbcsh/GbpXz7lPftLA3P6TYMwjCLYm83jiFQZF/3gY=
github.com/google/uuid v1.1.1/go.mod h1:TIyPZe4MgqvfeYDBFedMoGGpEw/LqOeaOT+nhxU+yHo=
github.com/uhppoted/uhppote-core v0.6.4 h1:rHxeK4yPzzwQifnO2RfWAs9CXKVwCPbsEQiJ/t0LS+Q=
github.com/uhppoted/uhppote-core v0.6.4/go.mod h1:vNtTfp28e+/hhDtHXdlCEhdqt8063rlnA06wbzWSuz0=
github.com/uhppoted/uhppote-core v0.6.5-0.20200925181255-07c30452f5d6 h1:iZ1KJJJwgGnzYA3Q7zzX2TSk0N5QkHfY6ZGCedWgXBM=
github.com/uhppoted/uhppote-core v0.6.5-0.20200925181255-07c30452f5d6/go.mod h1:vNtTfp28e+/hhDtHXdlCEhdqt8063rlnA06wbzWSuz0=
github.com/uhppoted/uhppoted-api v0.6.5-0.20201029213232-87650c74e57c h1:gP2tWLofnMIVxIi+AQQboabi9g46jPATp19nu55D7qE=
github.com/uhppoted/uhppoted-api v0.6.5-0.20201029213232-87650c74e57c/go.mod h1:9V1ERrKRtBD6q6gwP+J/zNKSRNrsES+SAXJk6HQ+Qzo=
golang.org/x/sys v0.0.0-20200812155832-6a926be9bd1d h1:QQrM/CCYEzTs91GZylDCQjGHudbPTxF/1fvXdVh5lMo=
golang.org/x/sys v0.0.0-20200812155832-6a926be9bd1d/go.mod h1:h1NjWce9XRLGQEsW7wpKNCjG9DtNlClVuFLEZdDNbEs=
golang.org/x/sys v0.0.0-20200814200057-3d37ad5750ed h1:J22ig1FUekjjkmZUM7pTKixYm8DvrYsvrBZdunYeIuQ=
golang.org/x/sys v0.0.0-20200814200057-3d37ad5750ed/go.mod h1:h1NjWce9XRLGQEsW7wpKNCjG9DtNlClVuFLEZdDNbEs=
